// !$*UTF8*$!
{
	archiveVersion = 1;
	classes = {
	};
	objectVersion = 50;
	objects = {

/* Begin PBXBuildFile section */
		7C172DFD23362E590031C614 /* AppDelegate.m in Sources */ = {isa = PBXBuildFile; fileRef = 7C172DFC23362E590031C614 /* AppDelegate.m */; };
		7C172E0023362E590031C614 /* ViewController.m in Sources */ = {isa = PBXBuildFile; fileRef = 7C172DFF23362E590031C614 /* ViewController.m */; };
		7C172E0323362E590031C614 /* Main.storyboard in Resources */ = {isa = PBXBuildFile; fileRef = 7C172E0123362E590031C614 /* Main.storyboard */; };
		7C172E0523362E6A0031C614 /* Assets.xcassets in Resources */ = {isa = PBXBuildFile; fileRef = 7C172E0423362E6A0031C614 /* Assets.xcassets */; };
		7C172E0823362E6A0031C614 /* LaunchScreen.storyboard in Resources */ = {isa = PBXBuildFile; fileRef = 7C172E0623362E6A0031C614 /* LaunchScreen.storyboard */; };
		7C172E0B23362E6A0031C614 /* main.m in Sources */ = {isa = PBXBuildFile; fileRef = 7C172E0A23362E6A0031C614 /* main.m */; };
		7C172E13233639750031C614 /* LandModel.m in Sources */ = {isa = PBXBuildFile; fileRef = 7C172E12233639750031C614 /* LandModel.m */; };
		7C172E162336398A0031C614 /* ResignModel.m in Sources */ = {isa = PBXBuildFile; fileRef = 7C172E152336398A0031C614 /* ResignModel.m */; };
		7C172E19233639990031C614 /* landViewController.m in Sources */ = {isa = PBXBuildFile; fileRef = 7C172E18233639990031C614 /* landViewController.m */; };
		7C172E1C233639AC0031C614 /* resignViewController.m in Sources */ = {isa = PBXBuildFile; fileRef = 7C172E1B233639AC0031C614 /* resignViewController.m */; };
		7C172E1F23363A750031C614 /* landview.m in Sources */ = {isa = PBXBuildFile; fileRef = 7C172E1E23363A750031C614 /* landview.m */; };
		7C172E2223363A8E0031C614 /* ResignView.m in Sources */ = {isa = PBXBuildFile; fileRef = 7C172E2123363A8E0031C614 /* ResignView.m */; };
/* End PBXBuildFile section */

/* Begin PBXFileReference section */
		7C172DF823362E590031C614 /* Mvc.app */ = {isa = PBXFileReference; explicitFileType = wrapper.application; includeInIndex = 0; path = Mvc.app; sourceTree = BUILT_PRODUCTS_DIR; };
		7C172DFB23362E590031C614 /* AppDelegate.h */ = {isa = PBXFileReference; lastKnownFileType = sourcecode.c.h; path = AppDelegate.h; sourceTree = "<group>"; };
		7C172DFC23362E590031C614 /* AppDelegate.m */ = {isa = PBXFileReference; lastKnownFileType = sourcecode.c.objc; path = AppDelegate.m; sourceTree = "<group>"; };
		7C172DFE23362E590031C614 /* ViewController.h */ = {isa = PBXFileReference; lastKnownFileType = sourcecode.c.h; path = ViewController.h; sourceTree = "<group>"; };
		7C172DFF23362E590031C614 /* ViewController.m */ = {isa = PBXFileReference; lastKnownFileType = sourcecode.c.objc; path = ViewController.m; sourceTree = "<group>"; };
		7C172E0223362E590031C614 /* Base */ = {isa = PBXFileReference; lastKnownFileType = file.storyboard; name = Base; path = Base.lproj/Main.storyboard; sourceTree = "<group>"; };
		7C172E0423362E6A0031C614 /* Assets.xcassets */ = {isa = PBXFileReference; lastKnownFileType = folder.assetcatalog; path = Assets.xcassets; sourceTree = "<group>"; };
		7C172E0723362E6A0031C614 /* Base */ = {isa = PBXFileReference; lastKnownFileType = file.storyboard; name = Base; path = Base.lproj/LaunchScreen.storyboard; sourceTree = "<group>"; };
		7C172E0923362E6A0031C614 /* Info.plist */ = {isa = PBXFileReference; lastKnownFileType = text.plist.xml; path = Info.plist; sourceTree = "<group>"; };
		7C172E0A23362E6A0031C614 /* main.m */ = {isa = PBXFileReference; lastKnownFileType = sourcecode.c.objc; path = main.m; sourceTree = "<group>"; };
		7C172E11233639750031C614 /* LandModel.h */ = {isa = PBXFileReference; lastKnownFileType = sourcecode.c.h; path = LandModel.h; sourceTree = "<group>"; };
		7C172E12233639750031C614 /* LandModel.m */ = {isa = PBXFileReference; lastKnownFileType = sourcecode.c.objc; path = LandModel.m; sourceTree = "<group>"; };
		7C172E142336398A0031C614 /* ResignModel.h */ = {isa = PBXFileReference; lastKnownFileType = sourcecode.c.h; path = ResignModel.h; sourceTree = "<group>"; };
		7C172E152336398A0031C614 /* ResignModel.m */ = {isa = PBXFileReference; lastKnownFileType = sourcecode.c.objc; path = ResignModel.m; sourceTree = "<group>"; };
		7C172E17233639990031C614 /* landViewController.h */ = {isa = PBXFileReference; lastKnownFileType = sourcecode.c.h; path = landViewController.h; sourceTree = "<group>"; };
		7C172E18233639990031C614 /* landViewController.m */ = {isa = PBXFileReference; lastKnownFileType = sourcecode.c.objc; path = landViewController.m; sourceTree = "<group>"; };
		7C172E1A233639AC0031C614 /* resignViewController.h */ = {isa = PBXFileReference; lastKnownFileType = sourcecode.c.h; path = resignViewController.h; sourceTree = "<group>"; };
		7C172E1B233639AC0031C614 /* resignViewController.m */ = {isa = PBXFileReference; lastKnownFileType = sourcecode.c.objc; path = resignViewController.m; sourceTree = "<group>"; };
		7C172E1D23363A750031C614 /* landview.h */ = {isa = PBXFileReference; lastKnownFileType = sourcecode.c.h; path = landview.h; sourceTree = "<group>"; };
		7C172E1E23363A750031C614 /* landview.m */ = {isa = PBXFileReference; lastKnownFileType = sourcecode.c.objc; path = landview.m; sourceTree = "<group>"; };
		7C172E2023363A8E0031C614 /* ResignView.h */ = {isa = PBXFileReference; lastKnownFileType = sourcecode.c.h; path = ResignView.h; sourceTree = "<group>"; };
		7C172E2123363A8E0031C614 /* ResignView.m */ = {isa = PBXFileReference; lastKnownFileType = sourcecode.c.objc; path = ResignView.m; sourceTree = "<group>"; };
/* End PBXFileReference section */

/* Begin PBXFrameworksBuildPhase section */
		7C172DF523362E590031C614 /* Frameworks */ = {
			isa = PBXFrameworksBuildPhase;
			buildActionMask = 2147483647;
			files = (
			);
			runOnlyForDeploymentPostprocessing = 0;
		};
/* End PBXFrameworksBuildPhase section */

/* Begin PBXGroup section */
		7C172DEF23362E580031C614 = {
			isa = PBXGroup;
			children = (
				7C172DFA23362E590031C614 /* Mvc */,
				7C172DF923362E590031C614 /* Products */,
			);
			sourceTree = "<group>";
		};
		7C172DF923362E590031C614 /* Products */ = {
			isa = PBXGroup;
			children = (
				7C172DF823362E590031C614 /* Mvc.app */,
			);
			name = Products;
			sourceTree = "<group>";
		};
		7C172DFA23362E590031C614 /* Mvc */ = {
			isa = PBXGroup;
			children = (
				7C172E2923363B9C0031C614 /* ResignM */,
				7C172E2723363B850031C614 /* ResignC */,
				7C172E2623363B650031C614 /* ResignV */,
				7C172E2523363B380031C614 /* LandC */,
				7C172E2423363B2C0031C614 /* LandV */,
				7C172E2323363AF40031C614 /* LandM */,
				7C172DFB23362E590031C614 /* AppDelegate.h */,
				7C172DFC23362E590031C614 /* AppDelegate.m */,
				7C172DFE23362E590031C614 /* ViewController.h */,
				7C172DFF23362E590031C614 /* ViewController.m */,
				7C172E0123362E590031C614 /* Main.storyboard */,
				7C172E0423362E6A0031C614 /* Assets.xcassets */,
				7C172E0623362E6A0031C614 /* LaunchScreen.storyboard */,
				7C172E0923362E6A0031C614 /* Info.plist */,
				7C172E0A23362E6A0031C614 /* main.m */,
			);
			path = Mvc;
			sourceTree = "<group>";
		};
		7C172E2323363AF40031C614 /* LandM */ = {
			isa = PBXGroup;
			children = (
				7C172E11233639750031C614 /* LandModel.h */,
				7C172E12233639750031C614 /* LandModel.m */,
			);
			path = LandM;
			sourceTree = "<group>";
		};
		7C172E2423363B2C0031C614 /* LandV */ = {
			isa = PBXGroup;
			children = (
				7C172E1D23363A750031C614 /* landview.h */,
				7C172E1E23363A750031C614 /* landview.m */,
			);
			path = LandV;
			sourceTree = "<group>";
		};
		7C172E2523363B380031C614 /* LandC */ = {
			isa = PBXGroup;
			children = (
				7C172E17233639990031C614 /* landViewController.h */,
				7C172E18233639990031C614 /* landViewController.m */,
			);
			path = LandC;
			sourceTree = "<group>";
		};
		7C172E2623363B650031C614 /* ResignV */ = {
			isa = PBXGroup;
			children = (
				7C172E2023363A8E0031C614 /* ResignView.h */,
				7C172E2123363A8E0031C614 /* ResignView.m */,
			);
			path = ResignV;
			sourceTree = "<group>";
		};
		7C172E2723363B850031C614 /* ResignC */ = {
			isa = PBXGroup;
			children = (
				7C172E1B233639AC0031C614 /* resignViewController.m */,
				7C172E1A233639AC0031C614 /* resignViewController.h */,
			);
			path = ResignC;
			sourceTree = "<group>";
		};
		7C172E2923363B9C0031C614 /* ResignM */ = {
			isa = PBXGroup;
			children = (
				7C172E142336398A0031C614 /* ResignModel.h */,
				7C172E152336398A0031C614 /* ResignModel.m */,
			);
			path = ResignM;
			sourceTree = "<group>";
		};
/* End PBXGroup section */

/* Begin PBXNativeTarget section */
		7C172DF723362E590031C614 /* Mvc */ = {
			isa = PBXNativeTarget;
			buildConfigurationList = 7C172E0E23362E6A0031C614 /* Build configuration list for PBXNativeTarget "Mvc" */;
			buildPhases = (
				7C172DF423362E590031C614 /* Sources */,
				7C172DF523362E590031C614 /* Frameworks */,
				7C172DF623362E590031C614 /* Resources */,
			);
			buildRules = (
			);
			dependencies = (
			);
			name = Mvc;
			productName = Mvc;
			productReference = 7C172DF823362E590031C614 /* Mvc.app */;
			productType = "com.apple.product-type.application";
		};
/* End PBXNativeTarget section */

/* Begin PBXProject section */
		7C172DF023362E580031C614 /* Project object */ = {
			isa = PBXProject;
			attributes = {
				LastUpgradeCheck = 1020;
				ORGANIZATIONNAME = "岳靖翔";
				TargetAttributes = {
					7C172DF723362E590031C614 = {
						CreatedOnToolsVersion = 10.2.1;
					};
				};
			};
			buildConfigurationList = 7C172DF323362E590031C614 /* Build configuration list for PBXProject "Mvc" */;
			compatibilityVersion = "Xcode 9.3";
			developmentRegion = en;
			hasScannedForEncodings = 0;
			knownRegions = (
				en,
				Base,
			);
			mainGroup = 7C172DEF23362E580031C614;
			productRefGroup = 7C172DF923362E590031C614 /* Products */;
			projectDirPath = "";
			projectRoot = "";
			targets = (
				7C172DF723362E590031C614 /* Mvc */,
			);
		};
/* End PBXProject section */

/* Begin PBXResourcesBuildPhase section */
		7C172DF623362E590031C614 /* Resources */ = {
			isa = PBXResourcesBuildPhase;
			buildActionMask = 2147483647;
			files = (
				7C172E0823362E6A0031C614 /* LaunchScreen.storyboard in Resources */,
				7C172E0523362E6A0031C614 /* Assets.xcassets in Resources */,
				7C172E0323362E590031C614 /* Main.storyboard in Resources */,
			);
			runOnlyForDeploymentPostprocessing = 0;
		};
/* End PBXResourcesBuildPhase section */

/* Begin PBXSourcesBuildPhase section */
		7C172DF423362E590031C614 /* Sources */ = {
			isa = PBXSourcesBuildPhase;
			buildActionMask = 2147483647;
			files = (
				7C172E1C233639AC0031C614 /* resignViewController.m in Sources */,
				7C172E2223363A8E0031C614 /* ResignView.m in Sources */,
				7C172E0023362E590031C614 /* ViewController.m in Sources */,
				7C172E0B23362E6A0031C614 /* main.m in Sources */,
				7C172E13233639750031C614 /* LandModel.m in Sources */,
				7C172DFD23362E590031C614 /* AppDelegate.m in Sources */,
				7C172E162336398A0031C614 /* ResignModel.m in Sources */,
				7C172E19233639990031C614 /* landViewController.m in Sources */,
				7C172E1F23363A750031C614 /* landview.m in Sources */,
			);
			runOnlyForDeploymentPostprocessing = 0;
		};
/* End PBXSourcesBuildPhase section */

/* Begin PBXVariantGroup section */
		7C172E0123362E590031C614 /* Main.storyboard */ = {
			isa = PBXVariantGroup;
			children = (
				7C172E0223362E590031C614 /* Base */,
			);
			name = Main.storyboard;
			sourceTree = "<group>";
		};
		7C172E0623362E6A0031C614 /* LaunchScreen.storyboard */ = {
			isa = PBXVariantGroup;
			children = (
				7C172E0723362E6A0031C614 /* Base */,
			);
			name = LaunchScreen.storyboard;
			sourceTree = "<group>";
		};
/* End PBXVariantGroup section */

/* Begin XCBuildConfiguration section */
		7C172E0C23362E6A0031C614 /* Debug */ = {
			isa = XCBuildConfiguration;
			buildSettings = {
				ALWAYS_SEARCH_USER_PATHS = NO;
				CLANG_ANALYZER_NONNULL = YES;
				CLANG_ANALYZER_NUMBER_OBJECT_CONVERSION = YES_AGGRESSIVE;
				CLANG_CXX_LANGUAGE_STANDARD = "gnu++14";
				CLANG_CXX_LIBRARY = "libc++";
				CLANG_ENABLE_MODULES = YES;
				CLANG_ENABLE_OBJC_ARC = YES;
				CLANG_ENABLE_OBJC_WEAK = YES;
				CLANG_WARN_BLOCK_CAPTURE_AUTORELEASING = YES;
				CLANG_WARN_BOOL_CONVERSION = YES;
				CLANG_WARN_COMMA = YES;
				CLANG_WARN_CONSTANT_CONVERSION = YES;
				CLANG_WARN_DEPRECATED_OBJC_IMPLEMENTATIONS = YES;
				CLANG_WARN_DIRECT_OBJC_ISA_USAGE = YES_ERROR;
				CLANG_WARN_DOCUMENTATION_COMMENTS = YES;
				CLANG_WARN_EMPTY_BODY = YES;
				CLANG_WARN_ENUM_CONVERSION = YES;
				CLANG_WARN_INFINITE_RECURSION = YES;
				CLANG_WARN_INT_CONVERSION = YES;
				CLANG_WARN_NON_LITERAL_NULL_CONVERSION = YES;
				CLANG_WARN_OBJC_IMPLICIT_RETAIN_SELF = YES;
				CLANG_WARN_OBJC_LITERAL_CONVERSION = YES;
				CLANG_WARN_OBJC_ROOT_CLASS = YES_ERROR;
				CLANG_WARN_RANGE_LOOP_ANALYSIS = YES;
				CLANG_WARN_STRICT_PROTOTYPES = YES;
				CLANG_WARN_SUSPICIOUS_MOVE = YES;
				CLANG_WARN_UNGUARDED_AVAILABILITY = YES_AGGRESSIVE;
				CLANG_WARN_UNREACHABLE_CODE = YES;
				CLANG_WARN__DUPLICATE_METHOD_MATCH = YES;
				CODE_SIGN_IDENTITY = "iPhone Developer";
				COPY_PHASE_STRIP = NO;
				DEBUG_INFORMATION_FORMAT = dwarf;
				ENABLE_STRICT_OBJC_MSGSEND = YES;
				ENABLE_TESTABILITY = YES;
				GCC_C_LANGUAGE_STANDARD = gnu11;
				GCC_DYNAMIC_NO_PIC = NO;
				GCC_NO_COMMON_BLOCKS = YES;
				GCC_OPTIMIZATION_LEVEL = 0;
				GCC_PREPROCESSOR_DEFINITIONS = (
					"DEBUG=1",
					"$(inherited)",
				);
				GCC_WARN_64_TO_32_BIT_CONVERSION = YES;
				GCC_WARN_ABOUT_RETURN_TYPE = YES_ERROR;
				GCC_WARN_UNDECLARED_SELECTOR = YES;
				GCC_WARN_UNINITIALIZED_AUTOS = YES_AGGRESSIVE;
				GCC_WARN_UNUSED_FUNCTION = YES;
				GCC_WARN_UNUSED_VARIABLE = YES;
				IPHONEOS_DEPLOYMENT_TARGET = 12.2;
				MTL_ENABLE_DEBUG_INFO = INCLUDE_SOURCE;
				MTL_FAST_MATH = YES;
				ONLY_ACTIVE_ARCH = YES;
				SDKROOT = iphoneos;
			};
			name = Debug;
		};
		7C172E0D23362E6A0031C614 /* Release */ = {
			isa = XCBuildConfiguration;
			buildSettings = {
				ALWAYS_SEARCH_USER_PATHS = NO;
				CLANG_ANALYZER_NONNULL = YES;
				CLANG_ANALYZER_NUMBER_OBJECT_CONVERSION = YES_AGGRESSIVE;
				CLANG_CXX_LANGUAGE_STANDARD = "gnu++14";
				CLANG_CXX_LIBRARY = "libc++";
				CLANG_ENABLE_MODULES = YES;
				CLANG_ENABLE_OBJC_ARC = YES;
				CLANG_ENABLE_OBJC_WEAK = YES;
				CLANG_WARN_BLOCK_CAPTURE_AUTORELEASING = YES;
				CLANG_WARN_BOOL_CONVERSION = YES;
				CLANG_WARN_COMMA = YES;
				CLANG_WARN_CONSTANT_CONVERSION = YES;
				CLANG_WARN_DEPRECATED_OBJC_IMPLEMENTATIONS = YES;
				CLANG_WARN_DIRECT_OBJC_ISA_USAGE = YES_ERROR;
				CLANG_WARN_DOCUMENTATION_COMMENTS = YES;
				CLANG_WARN_EMPTY_BODY = YES;
				CLANG_WARN_ENUM_CONVERSION = YES;
				CLANG_WARN_INFINITE_RECURSION = YES;
				CLANG_WARN_INT_CONVERSION = YES;
				CLANG_WARN_NON_LITERAL_NULL_CONVERSION = YES;
				CLANG_WARN_OBJC_IMPLICIT_RETAIN_SELF = YES;
				CLANG_WARN_OBJC_LITERAL_CONVERSION = YES;
				CLANG_WARN_OBJC_ROOT_CLASS = YES_ERROR;
				CLANG_WARN_RANGE_LOOP_ANALYSIS = YES;
				CLANG_WARN_STRICT_PROTOTYPES = YES;
				CLANG_WARN_SUSPICIOUS_MOVE = YES;
				CLANG_WARN_UNGUARDED_AVAILABILITY = YES_AGGRESSIVE;
				CLANG_WARN_UNREACHABLE_CODE = YES;
				CLANG_WARN__DUPLICATE_METHOD_MATCH = YES;
				CODE_SIGN_IDENTITY = "iPhone Developer";
				COPY_PHASE_STRIP = NO;
				DEBUG_INFORMATION_FORMAT = "dwarf-with-dsym";
				ENABLE_NS_ASSERTIONS = NO;
				ENABLE_STRICT_OBJC_MSGSEND = YES;
				GCC_C_LANGUAGE_STANDARD = gnu11;
				GCC_NO_COMMON_BLOCKS = YES;
				GCC_WARN_64_TO_32_BIT_CONVERSION = YES;
				GCC_WARN_ABOUT_RETURN_TYPE = YES_ERROR;
				GCC_WARN_UNDECLARED_SELECTOR = YES;
				GCC_WARN_UNINITIALIZED_AUTOS = YES_AGGRESSIVE;
				GCC_WARN_UNUSED_FUNCTION = YES;
				GCC_WARN_UNUSED_VARIABLE = YES;
				IPHONEOS_DEPLOYMENT_TARGET = 12.2;
				MTL_ENABLE_DEBUG_INFO = NO;
				MTL_FAST_MATH = YES;
				SDKROOT = iphoneos;
				VALIDATE_PRODUCT = YES;
			};
			name = Release;
		};
		7C172E0F23362E6A0031C614 /* Debug */ = {
			isa = XCBuildConfiguration;
			buildSettings = {
				ASSETCATALOG_COMPILER_APPICON_NAME = AppIcon;
				CODE_SIGN_STYLE = Automatic;
				INFOPLIST_FILE = Mvc/Info.plist;
				LD_RUNPATH_SEARCH_PATHS = (
					"$(inherited)",
					"@executable_path/Frameworks",
				);
				PRODUCT_BUNDLE_IDENTIFIER = c.Mvc;
				PRODUCT_NAME = "$(TARGET_NAME)";
				TARGETED_DEVICE_FAMILY = "1,2";
			};
			name = Debug;
		};
		7C172E1023362E6A0031C614 /* Release */ = {
			isa = XCBuildConfiguration;
			buildSettings = {
				ASSETCATALOG_COMPILER_APPICON_NAME = AppIcon;
				CODE_SIGN_STYLE = Automatic;
				INFOPLIST_FILE = Mvc/Info.plist;
				LD_RUNPATH_SEARCH_PATHS = (
					"$(inherited)",
					"@executable_path/Frameworks",
				);
				PRODUCT_BUNDLE_IDENTIFIER = c.Mvc;
				PRODUCT_NAME = "$(TARGET_NAME)";
				TARGETED_DEVICE_FAMILY = "1,2";
			};
			name = Release;
		};
/* End XCBuildConfiguration section */

/* Begin XCConfigurationList section */
		7C172DF323362E590031C614 /* Build configuration list for PBXProject "Mvc" */ = {
			isa = XCConfigurationList;
			buildConfigurations = (
				7C172E0C23362E6A0031C614 /* Debug */,
				7C172E0D23362E6A0031C614 /* Release */,
			);
			defaultConfigurationIsVisible = 0;
			defaultConfigurationName = Release;
		};
		7C172E0E23362E6A0031C614 /* Build configuration list for PBXNativeTarget "Mvc" */ = {
			isa = XCConfigurationList;
			buildConfigurations = (
				7C172E0F23362E6A0031C614 /* Debug */,
				7C172E1023362E6A0031C614 /* Release */,
			);
			defaultConfigurationIsVisible = 0;
			defaultConfigurationName = Release;
		};
/* End XCConfigurationList section */
	};
	rootObject = 7C172DF023362E580031C614 /* Project object */;
}
